
Microsoft Visual Studio Solution File, Format Version 12.00
# Visual Studio Version 16
Project("{8BC9CEB8-8B4A-11D0-8D11-00A0C91BC942}") = "ALL_BUILD", "ALL_BUILD.vcxproj", "{9EA6591A-D3D8-3FED-A1E1-00CCB283FDDC}"
	ProjectSection(ProjectDependencies) = postProject
		{08F39C07-171D-32CA-A277-342E3764CC5D} = {08F39C07-171D-32CA-A277-342E3764CC5D}
		{81175128-9523-350C-80C0-6EC349D6ADC0} = {81175128-9523-350C-80C0-6EC349D6ADC0}
	EndProjectSection
EndProject
Project("{8BC9CEB8-8B4A-11D0-8D11-00A0C91BC942}") = "ZERO_CHECK", "ZERO_CHECK.vcxproj", "{08F39C07-171D-32CA-A277-342E3764CC5D}"
	ProjectSection(ProjectDependencies) = postProject
	EndProjectSection
EndProject
Project("{8BC9CEB8-8B4A-11D0-8D11-00A0C91BC942}") = "sfml_sample", "sfml_sample.vcxproj", "{81175128-9523-350C-80C0-6EC349D6ADC0}"
	ProjectSection(ProjectDependencies) = postProject
		{08F39C07-171D-32CA-A277-342E3764CC5D} = {08F39C07-171D-32CA-A277-342E3764CC5D}
	EndProjectSection
EndProject
Global
	GlobalSection(SolutionConfigurationPlatforms) = preSolution
		Debug|x64 = Debug|x64
		Release|x64 = Release|x64
		MinSizeRel|x64 = MinSizeRel|x64
		RelWithDebInfo|x64 = RelWithDebInfo|x64
	EndGlobalSection
	GlobalSection(ProjectConfigurationPlatforms) = postSolution
		{9EA6591A-D3D8-3FED-A1E1-00CCB283FDDC}.Debug|x64.ActiveCfg = Debug|x64
		{9EA6591A-D3D8-3FED-A1E1-00CCB283FDDC}.Release|x64.ActiveCfg = Release|x64
		{9EA6591A-D3D8-3FED-A1E1-00CCB283FDDC}.MinSizeRel|x64.ActiveCfg = MinSizeRel|x64
		{9EA6591A-D3D8-3FED-A1E1-00CCB283FDDC}.RelWithDebInfo|x64.ActiveCfg = RelWithDebInfo|x64
		{08F39C07-171D-32CA-A277-342E3764CC5D}.Debug|x64.ActiveCfg = Debug|x64
		{08F39C07-171D-32CA-A277-342E3764CC5D}.Debug|x64.Build.0 = Debug|x64
		{08F39C07-171D-32CA-A277-342E3764CC5D}.Release|x64.ActiveCfg = Release|x64
		{08F39C07-171D-32CA-A277-342E3764CC5D}.Release|x64.Build.0 = Release|x64
		{08F39C07-171D-32CA-A277-342E3764CC5D}.MinSizeRel|x64.ActiveCfg = MinSizeRel|x64
		{08F39C07-171D-32CA-A277-342E3764CC5D}.MinSizeRel|x64.Build.0 = MinSizeRel|x64
		{08F39C07-171D-32CA-A277-342E3764CC5D}.RelWithDebInfo|x64.ActiveCfg = RelWithDebInfo|x64
		{08F39C07-171D-32CA-A277-342E3764CC5D}.RelWithDebInfo|x64.Build.0 = RelWithDebInfo|x64
		{81175128-9523-350C-80C0-6EC349D6ADC0}.Debug|x64.ActiveCfg = Debug|x64
		{81175128-9523-350C-80C0-6EC349D6ADC0}.Debug|x64.Build.0 = Debug|x64
		{81175128-9523-350C-80C0-6EC349D6ADC0}.Release|x64.ActiveCfg = Release|x64
		{81175128-9523-350C-80C0-6EC349D6ADC0}.Release|x64.Build.0 = Release|x64
		{81175128-9523-350C-80C0-6EC349D6ADC0}.MinSizeRel|x64.ActiveCfg = MinSizeRel|x64
		{81175128-9523-350C-80C0-6EC349D6ADC0}.MinSizeRel|x64.Build.0 = MinSizeRel|x64
		{81175128-9523-350C-80C0-6EC349D6ADC0}.RelWithDebInfo|x64.ActiveCfg = RelWithDebInfo|x64
		{81175128-9523-350C-80C0-6EC349D6ADC0}.RelWithDebInfo|x64.Build.0 = RelWithDebInfo|x64
	EndGlobalSection
	GlobalSection(ExtensibilityGlobals) = postSolution
		SolutionGuid = {77866D7F-F293-36AB-8B4C-4EAFF8E174DB}
	EndGlobalSection
	GlobalSection(ExtensibilityAddIns) = postSolution
	EndGlobalSection
EndGlobal
